
Microsoft Visual Studio Solution File, Format Version 12.00
# Visual Studio 15
VisualStudioVersion = 15.0.27703.2047
MinimumVisualStudioVersion = 10.0.40219.1
Project("{FAE04EC0-301F-11D3-BF4B-00C04F79EFBC}") = "xuexue.unity.utility", "xuexue.unity.utility\xuexue.unity.utility.csproj", "{62ADF351-108D-40D6-8520-C39F037BF669}"
EndProject
Project("{FAE04EC0-301F-11D3-BF4B-00C04F79EFBC}") = "xuexue.unity.editor", "xuexue.unity.editor\xuexue.unity.editor.csproj", "{6FD436EC-91B5-4105-8E01-99198D5EC032}"
EndProject
Global
	GlobalSection(SolutionConfigurationPlatforms) = preSolution
		Debug|Any CPU = Debug|Any CPU
		Release|Any CPU = Release|Any CPU
	EndGlobalSection
	GlobalSection(ProjectConfigurationPlatforms) = postSolution
		{62ADF351-108D-40D6-8520-C39F037BF669}.Debug|Any CPU.ActiveCfg = Debug|Any CPU
		{62ADF351-108D-40D6-8520-C39F037BF669}.Debug|Any CPU.Build.0 = Debug|Any CPU
		{62ADF351-108D-40D6-8520-C39F037BF669}.Release|Any CPU.ActiveCfg = Release|Any CPU
		{62ADF351-108D-40D6-8520-C39F037BF669}.Release|Any CPU.Build.0 = Release|Any CPU
		{6FD436EC-91B5-4105-8E01-99198D5EC032}.Debug|Any CPU.ActiveCfg = Debug|Any CPU
		{6FD436EC-91B5-4105-8E01-99198D5EC032}.Debug|Any CPU.Build.0 = Debug|Any CPU
		{6FD436EC-91B5-4105-8E01-99198D5EC032}.Release|Any CPU.ActiveCfg = Release|Any CPU
		{6FD436EC-91B5-4105-8E01-99198D5EC032}.Release|Any CPU.Build.0 = Release|Any CPU
	EndGlobalSection
	GlobalSection(SolutionProperties) = preSolution
		HideSolutionNode = FALSE
	EndGlobalSection
	GlobalSection(ExtensibilityGlobals) = postSolution
		SolutionGuid = {59B27338-6E7F-448B-BA88-A07F437612AE}
	EndGlobalSection
EndGlobal
